// !$*UTF8*$!
{
	archiveVersion = 1;
	classes = {
	};
	objectVersion = 56;
	objects = {

/* Begin PBXBuildFile section */
		792075682926473B00517246 /* GoogleService-Info.plist in Resources */ = {isa = PBXBuildFile; fileRef = 792075672926473B00517246 /* GoogleService-Info.plist */; };
		792075692926473B00517246 /* GoogleService-Info.plist in Resources */ = {isa = PBXBuildFile; fileRef = 792075672926473B00517246 /* GoogleService-Info.plist */; };
		7920756A2926473B00517246 /* GoogleService-Info.plist in Resources */ = {isa = PBXBuildFile; fileRef = 792075672926473B00517246 /* GoogleService-Info.plist */; };
		7920756C29274C2300517246 /* UserFactory.swift in Sources */ = {isa = PBXBuildFile; fileRef = 7920756B29274C2300517246 /* UserFactory.swift */; };
		792A469A2927693B00A240E8 /* SocialFeed.swift in Sources */ = {isa = PBXBuildFile; fileRef = 792A46992927693B00A240E8 /* SocialFeed.swift */; };
		792A469C2927694400A240E8 /* SearchFood.swift in Sources */ = {isa = PBXBuildFile; fileRef = 792A469B2927694400A240E8 /* SearchFood.swift */; };
		79663D9A2925946D00F9EA15 /* CalApp.swift in Sources */ = {isa = PBXBuildFile; fileRef = 79663D992925946D00F9EA15 /* CalApp.swift */; };
		79663D9C2925946D00F9EA15 /* ContentView.swift in Sources */ = {isa = PBXBuildFile; fileRef = 79663D9B2925946D00F9EA15 /* ContentView.swift */; };
		79663D9E2925946E00F9EA15 /* Assets.xcassets in Resources */ = {isa = PBXBuildFile; fileRef = 79663D9D2925946E00F9EA15 /* Assets.xcassets */; };
		79663DA12925946E00F9EA15 /* Preview Assets.xcassets in Resources */ = {isa = PBXBuildFile; fileRef = 79663DA02925946E00F9EA15 /* Preview Assets.xcassets */; };
		79663DAB2925946E00F9EA15 /* CalTests.swift in Sources */ = {isa = PBXBuildFile; fileRef = 79663DAA2925946E00F9EA15 /* CalTests.swift */; };
		79663DB52925946E00F9EA15 /* CalUITests.swift in Sources */ = {isa = PBXBuildFile; fileRef = 79663DB42925946E00F9EA15 /* CalUITests.swift */; };
		79663DB72925946E00F9EA15 /* CalUITestsLaunchTests.swift in Sources */ = {isa = PBXBuildFile; fileRef = 79663DB62925946E00F9EA15 /* CalUITestsLaunchTests.swift */; };
		7972A748292813CD0094D4CF /* PostDetailView.swift in Sources */ = {isa = PBXBuildFile; fileRef = 7972A747292813CD0094D4CF /* PostDetailView.swift */; };
		7972A74D2928155C0094D4CF /* PostModel.swift in Sources */ = {isa = PBXBuildFile; fileRef = 7972A74C2928155C0094D4CF /* PostModel.swift */; };
		7972A74F292848CB0094D4CF /* PostViewModel.swift in Sources */ = {isa = PBXBuildFile; fileRef = 7972A74E292848CB0094D4CF /* PostViewModel.swift */; };
		79FC51C9292596B6006BA77B /* WelcomeScreen.swift in Sources */ = {isa = PBXBuildFile; fileRef = 79FC51C8292596B6006BA77B /* WelcomeScreen.swift */; };
		79FC51CD292596C9006BA77B /* RegisterScreen.swift in Sources */ = {isa = PBXBuildFile; fileRef = 79FC51CC292596C9006BA77B /* RegisterScreen.swift */; };
		79FC51CF292596D2006BA77B /* LoginScreen.swift in Sources */ = {isa = PBXBuildFile; fileRef = 79FC51CE292596D2006BA77B /* LoginScreen.swift */; };
		79FC51D229259708006BA77B /* LoginScreenStateModel.swift in Sources */ = {isa = PBXBuildFile; fileRef = 79FC51D129259708006BA77B /* LoginScreenStateModel.swift */; };
		79FC51D72925DEDC006BA77B /* FirebaseAnalytics in Frameworks */ = {isa = PBXBuildFile; productRef = 79FC51D62925DEDC006BA77B /* FirebaseAnalytics */; };
		79FC51D92925DEDC006BA77B /* FirebaseAuth in Frameworks */ = {isa = PBXBuildFile; productRef = 79FC51D82925DEDC006BA77B /* FirebaseAuth */; };
		79FC51DB2925DF0C006BA77B /* LoginViewModel.swift in Sources */ = {isa = PBXBuildFile; fileRef = 79FC51DA2925DF0C006BA77B /* LoginViewModel.swift */; };
		79FC51DD2925E0A0006BA77B /* UserModel.swift in Sources */ = {isa = PBXBuildFile; fileRef = 79FC51DC2925E0A0006BA77B /* UserModel.swift */; };
/* End PBXBuildFile section */

/* Begin PBXContainerItemProxy section */
		79663DA72925946E00F9EA15 /* PBXContainerItemProxy */ = {
			isa = PBXContainerItemProxy;
			containerPortal = 79663D8E2925946D00F9EA15 /* Project object */;
			proxyType = 1;
			remoteGlobalIDString = 79663D952925946D00F9EA15;
			remoteInfo = Cal;
		};
		79663DB12925946E00F9EA15 /* PBXContainerItemProxy */ = {
			isa = PBXContainerItemProxy;
			containerPortal = 79663D8E2925946D00F9EA15 /* Project object */;
			proxyType = 1;
			remoteGlobalIDString = 79663D952925946D00F9EA15;
			remoteInfo = Cal;
		};
/* End PBXContainerItemProxy section */

/* Begin PBXFileReference section */
		792075672926473B00517246 /* GoogleService-Info.plist */ = {isa = PBXFileReference; fileEncoding = 4; lastKnownFileType = text.plist.xml; path = "GoogleService-Info.plist"; sourceTree = "<group>"; };
		7920756B29274C2300517246 /* UserFactory.swift */ = {isa = PBXFileReference; lastKnownFileType = sourcecode.swift; path = UserFactory.swift; sourceTree = "<group>"; };
		792A46992927693B00A240E8 /* SocialFeed.swift */ = {isa = PBXFileReference; lastKnownFileType = sourcecode.swift; path = SocialFeed.swift; sourceTree = "<group>"; };
		792A469B2927694400A240E8 /* SearchFood.swift */ = {isa = PBXFileReference; lastKnownFileType = sourcecode.swift; path = SearchFood.swift; sourceTree = "<group>"; };
		79663D962925946D00F9EA15 /* Cal.app */ = {isa = PBXFileReference; explicitFileType = wrapper.application; includeInIndex = 0; path = Cal.app; sourceTree = BUILT_PRODUCTS_DIR; };
		79663D992925946D00F9EA15 /* CalApp.swift */ = {isa = PBXFileReference; lastKnownFileType = sourcecode.swift; path = CalApp.swift; sourceTree = "<group>"; };
		79663D9B2925946D00F9EA15 /* ContentView.swift */ = {isa = PBXFileReference; lastKnownFileType = sourcecode.swift; path = ContentView.swift; sourceTree = "<group>"; };
		79663D9D2925946E00F9EA15 /* Assets.xcassets */ = {isa = PBXFileReference; lastKnownFileType = folder.assetcatalog; path = Assets.xcassets; sourceTree = "<group>"; };
		79663DA02925946E00F9EA15 /* Preview Assets.xcassets */ = {isa = PBXFileReference; lastKnownFileType = folder.assetcatalog; path = "Preview Assets.xcassets"; sourceTree = "<group>"; };
		79663DA62925946E00F9EA15 /* CalTests.xctest */ = {isa = PBXFileReference; explicitFileType = wrapper.cfbundle; includeInIndex = 0; path = CalTests.xctest; sourceTree = BUILT_PRODUCTS_DIR; };
		79663DAA2925946E00F9EA15 /* CalTests.swift */ = {isa = PBXFileReference; lastKnownFileType = sourcecode.swift; path = CalTests.swift; sourceTree = "<group>"; };
		79663DB02925946E00F9EA15 /* CalUITests.xctest */ = {isa = PBXFileReference; explicitFileType = wrapper.cfbundle; includeInIndex = 0; path = CalUITests.xctest; sourceTree = BUILT_PRODUCTS_DIR; };
		79663DB42925946E00F9EA15 /* CalUITests.swift */ = {isa = PBXFileReference; lastKnownFileType = sourcecode.swift; path = CalUITests.swift; sourceTree = "<group>"; };
		79663DB62925946E00F9EA15 /* CalUITestsLaunchTests.swift */ = {isa = PBXFileReference; lastKnownFileType = sourcecode.swift; path = CalUITestsLaunchTests.swift; sourceTree = "<group>"; };
		7972A747292813CD0094D4CF /* PostDetailView.swift */ = {isa = PBXFileReference; lastKnownFileType = sourcecode.swift; path = PostDetailView.swift; sourceTree = "<group>"; };
		7972A74C2928155C0094D4CF /* PostModel.swift */ = {isa = PBXFileReference; lastKnownFileType = sourcecode.swift; path = PostModel.swift; sourceTree = "<group>"; };
		7972A74E292848CB0094D4CF /* PostViewModel.swift */ = {isa = PBXFileReference; lastKnownFileType = sourcecode.swift; path = PostViewModel.swift; sourceTree = "<group>"; };
		79FC51C8292596B6006BA77B /* WelcomeScreen.swift */ = {isa = PBXFileReference; lastKnownFileType = sourcecode.swift; path = WelcomeScreen.swift; sourceTree = "<group>"; };
		79FC51CC292596C9006BA77B /* RegisterScreen.swift */ = {isa = PBXFileReference; lastKnownFileType = sourcecode.swift; path = RegisterScreen.swift; sourceTree = "<group>"; };
		79FC51CE292596D2006BA77B /* LoginScreen.swift */ = {isa = PBXFileReference; lastKnownFileType = sourcecode.swift; path = LoginScreen.swift; sourceTree = "<group>"; };
		79FC51D129259708006BA77B /* LoginScreenStateModel.swift */ = {isa = PBXFileReference; lastKnownFileType = sourcecode.swift; path = LoginScreenStateModel.swift; sourceTree = "<group>"; };
		79FC51DA2925DF0C006BA77B /* LoginViewModel.swift */ = {isa = PBXFileReference; lastKnownFileType = sourcecode.swift; path = LoginViewModel.swift; sourceTree = "<group>"; };
		79FC51DC2925E0A0006BA77B /* UserModel.swift */ = {isa = PBXFileReference; lastKnownFileType = sourcecode.swift; path = UserModel.swift; sourceTree = "<group>"; };
/* End PBXFileReference section */

/* Begin PBXFrameworksBuildPhase section */
		79663D932925946D00F9EA15 /* Frameworks */ = {
			isa = PBXFrameworksBuildPhase;
			buildActionMask = 2147483647;
			files = (
				79FC51D72925DEDC006BA77B /* FirebaseAnalytics in Frameworks */,
				79FC51D92925DEDC006BA77B /* FirebaseAuth in Frameworks */,
			);
			runOnlyForDeploymentPostprocessing = 0;
		};
		79663DA32925946E00F9EA15 /* Frameworks */ = {
			isa = PBXFrameworksBuildPhase;
			buildActionMask = 2147483647;
			files = (
			);
			runOnlyForDeploymentPostprocessing = 0;
		};
		79663DAD2925946E00F9EA15 /* Frameworks */ = {
			isa = PBXFrameworksBuildPhase;
			buildActionMask = 2147483647;
			files = (
			);
			runOnlyForDeploymentPostprocessing = 0;
		};
/* End PBXFrameworksBuildPhase section */

/* Begin PBXGroup section */
		792A46932927683D00A240E8 /* Main */ = {
			isa = PBXGroup;
			children = (
				792A4694292768FB00A240E8 /* Components */,
				792A46992927693B00A240E8 /* SocialFeed.swift */,
				792A469B2927694400A240E8 /* SearchFood.swift */,
				7972A74E292848CB0094D4CF /* PostViewModel.swift */,
			);
			path = Main;
			sourceTree = "<group>";
		};
		792A4694292768FB00A240E8 /* Components */ = {
			isa = PBXGroup;
			children = (
				7972A747292813CD0094D4CF /* PostDetailView.swift */,
			);
			path = Components;
			sourceTree = "<group>";
		};
		79663D8D2925946D00F9EA15 = {
			isa = PBXGroup;
			children = (
				79663D982925946D00F9EA15 /* Cal */,
				79663DA92925946E00F9EA15 /* CalTests */,
				79663DB32925946E00F9EA15 /* CalUITests */,
				79663D972925946D00F9EA15 /* Products */,
			);
			sourceTree = "<group>";
		};
		79663D972925946D00F9EA15 /* Products */ = {
			isa = PBXGroup;
			children = (
				79663D962925946D00F9EA15 /* Cal.app */,
				79663DA62925946E00F9EA15 /* CalTests.xctest */,
				79663DB02925946E00F9EA15 /* CalUITests.xctest */,
			);
			name = Products;
			sourceTree = "<group>";
		};
		79663D982925946D00F9EA15 /* Cal */ = {
			isa = PBXGroup;
			children = (
				792075672926473B00517246 /* GoogleService-Info.plist */,
				79FC51C7292596A4006BA77B /* View */,
				79FC51C629259658006BA77B /* ViewModel */,
				79FC51C529259653006BA77B /* Model */,
				79663D992925946D00F9EA15 /* CalApp.swift */,
				79663D9B2925946D00F9EA15 /* ContentView.swift */,
				79663D9D2925946E00F9EA15 /* Assets.xcassets */,
				79663D9F2925946E00F9EA15 /* Preview Content */,
			);
			path = Cal;
			sourceTree = "<group>";
		};
		79663D9F2925946E00F9EA15 /* Preview Content */ = {
			isa = PBXGroup;
			children = (
				79663DA02925946E00F9EA15 /* Preview Assets.xcassets */,
			);
			path = "Preview Content";
			sourceTree = "<group>";
		};
		79663DA92925946E00F9EA15 /* CalTests */ = {
			isa = PBXGroup;
			children = (
				79663DAA2925946E00F9EA15 /* CalTests.swift */,
			);
			path = CalTests;
			sourceTree = "<group>";
		};
		79663DB32925946E00F9EA15 /* CalUITests */ = {
			isa = PBXGroup;
			children = (
				79663DB42925946E00F9EA15 /* CalUITests.swift */,
				79663DB62925946E00F9EA15 /* CalUITestsLaunchTests.swift */,
			);
			path = CalUITests;
			sourceTree = "<group>";
		};
		7972A749292813DE0094D4CF /* Main */ = {
			isa = PBXGroup;
			children = (
				7972A74C2928155C0094D4CF /* PostModel.swift */,
			);
			path = Main;
			sourceTree = "<group>";
		};
		79FC51C529259653006BA77B /* Model */ = {
			isa = PBXGroup;
			children = (
				7972A749292813DE0094D4CF /* Main */,
				79FC51D0292596F0006BA77B /* Login */,
			);
			path = Model;
			sourceTree = "<group>";
		};
		79FC51C629259658006BA77B /* ViewModel */ = {
			isa = PBXGroup;
			children = (
				792A46932927683D00A240E8 /* Main */,
				79FC51DA2925DF0C006BA77B /* LoginViewModel.swift */,
			);
			path = ViewModel;
			sourceTree = "<group>";
		};
		79FC51C7292596A4006BA77B /* View */ = {
			isa = PBXGroup;
			children = (
				79FC51CA292596BB006BA77B /* Login */,
			);
			path = View;
			sourceTree = "<group>";
		};
		79FC51CA292596BB006BA77B /* Login */ = {
			isa = PBXGroup;
			children = (
				79FC51C8292596B6006BA77B /* WelcomeScreen.swift */,
				79FC51CC292596C9006BA77B /* RegisterScreen.swift */,
				79FC51CE292596D2006BA77B /* LoginScreen.swift */,
			);
			path = Login;
			sourceTree = "<group>";
		};
		79FC51D0292596F0006BA77B /* Login */ = {
			isa = PBXGroup;
			children = (
				79FC51D129259708006BA77B /* LoginScreenStateModel.swift */,
				79FC51DC2925E0A0006BA77B /* UserModel.swift */,
				7920756B29274C2300517246 /* UserFactory.swift */,
			);
			path = Login;
			sourceTree = "<group>";
		};
/* End PBXGroup section */

/* Begin PBXNativeTarget section */
		79663D952925946D00F9EA15 /* Cal */ = {
			isa = PBXNativeTarget;
			buildConfigurationList = 79663DBA2925946E00F9EA15 /* Build configuration list for PBXNativeTarget "Cal" */;
			buildPhases = (
				79663D922925946D00F9EA15 /* Sources */,
				79663D932925946D00F9EA15 /* Frameworks */,
				79663D942925946D00F9EA15 /* Resources */,
			);
			buildRules = (
			);
			dependencies = (
			);
			name = Cal;
			packageProductDependencies = (
				79FC51D62925DEDC006BA77B /* FirebaseAnalytics */,
				79FC51D82925DEDC006BA77B /* FirebaseAuth */,
			);
			productName = Cal;
			productReference = 79663D962925946D00F9EA15 /* Cal.app */;
			productType = "com.apple.product-type.application";
		};
		79663DA52925946E00F9EA15 /* CalTests */ = {
			isa = PBXNativeTarget;
			buildConfigurationList = 79663DBD2925946E00F9EA15 /* Build configuration list for PBXNativeTarget "CalTests" */;
			buildPhases = (
				79663DA22925946E00F9EA15 /* Sources */,
				79663DA32925946E00F9EA15 /* Frameworks */,
				79663DA42925946E00F9EA15 /* Resources */,
			);
			buildRules = (
			);
			dependencies = (
				79663DA82925946E00F9EA15 /* PBXTargetDependency */,
			);
			name = CalTests;
			productName = CalTests;
			productReference = 79663DA62925946E00F9EA15 /* CalTests.xctest */;
			productType = "com.apple.product-type.bundle.unit-test";
		};
		79663DAF2925946E00F9EA15 /* CalUITests */ = {
			isa = PBXNativeTarget;
			buildConfigurationList = 79663DC02925946E00F9EA15 /* Build configuration list for PBXNativeTarget "CalUITests" */;
			buildPhases = (
				79663DAC2925946E00F9EA15 /* Sources */,
				79663DAD2925946E00F9EA15 /* Frameworks */,
				79663DAE2925946E00F9EA15 /* Resources */,
			);
			buildRules = (
			);
			dependencies = (
				79663DB22925946E00F9EA15 /* PBXTargetDependency */,
			);
			name = CalUITests;
			productName = CalUITests;
			productReference = 79663DB02925946E00F9EA15 /* CalUITests.xctest */;
			productType = "com.apple.product-type.bundle.ui-testing";
		};
/* End PBXNativeTarget section */

/* Begin PBXProject section */
		79663D8E2925946D00F9EA15 /* Project object */ = {
			isa = PBXProject;
			attributes = {
				BuildIndependentTargetsInParallel = 1;
				LastSwiftUpdateCheck = 1410;
				LastUpgradeCheck = 1410;
				TargetAttributes = {
					79663D952925946D00F9EA15 = {
						CreatedOnToolsVersion = 14.1;
					};
					79663DA52925946E00F9EA15 = {
						CreatedOnToolsVersion = 14.1;
						TestTargetID = 79663D952925946D00F9EA15;
					};
					79663DAF2925946E00F9EA15 = {
						CreatedOnToolsVersion = 14.1;
						TestTargetID = 79663D952925946D00F9EA15;
					};
				};
			};
			buildConfigurationList = 79663D912925946D00F9EA15 /* Build configuration list for PBXProject "Cal" */;
			compatibilityVersion = "Xcode 14.0";
			developmentRegion = en;
			hasScannedForEncodings = 0;
			knownRegions = (
				en,
				Base,
			);
			mainGroup = 79663D8D2925946D00F9EA15;
			packageReferences = (
				79FC51D52925DEDC006BA77B /* XCRemoteSwiftPackageReference "firebase-ios-sdk" */,
			);
			productRefGroup = 79663D972925946D00F9EA15 /* Products */;
			projectDirPath = "";
			projectRoot = "";
			targets = (
				79663D952925946D00F9EA15 /* Cal */,
				79663DA52925946E00F9EA15 /* CalTests */,
				79663DAF2925946E00F9EA15 /* CalUITests */,
			);
		};
/* End PBXProject section */

/* Begin PBXResourcesBuildPhase section */
		79663D942925946D00F9EA15 /* Resources */ = {
			isa = PBXResourcesBuildPhase;
			buildActionMask = 2147483647;
			files = (
				79663DA12925946E00F9EA15 /* Preview Assets.xcassets in Resources */,
				79663D9E2925946E00F9EA15 /* Assets.xcassets in Resources */,
				792075682926473B00517246 /* GoogleService-Info.plist in Resources */,
			);
			runOnlyForDeploymentPostprocessing = 0;
		};
		79663DA42925946E00F9EA15 /* Resources */ = {
			isa = PBXResourcesBuildPhase;
			buildActionMask = 2147483647;
			files = (
				792075692926473B00517246 /* GoogleService-Info.plist in Resources */,
			);
			runOnlyForDeploymentPostprocessing = 0;
		};
		79663DAE2925946E00F9EA15 /* Resources */ = {
			isa = PBXResourcesBuildPhase;
			buildActionMask = 2147483647;
			files = (
				7920756A2926473B00517246 /* GoogleService-Info.plist in Resources */,
			);
			runOnlyForDeploymentPostprocessing = 0;
		};
/* End PBXResourcesBuildPhase section */

/* Begin PBXSourcesBuildPhase section */
		79663D922925946D00F9EA15 /* Sources */ = {
			isa = PBXSourcesBuildPhase;
			buildActionMask = 2147483647;
			files = (
				792A469A2927693B00A240E8 /* SocialFeed.swift in Sources */,
				79FC51DB2925DF0C006BA77B /* LoginViewModel.swift in Sources */,
				79FC51CD292596C9006BA77B /* RegisterScreen.swift in Sources */,
				7972A748292813CD0094D4CF /* PostDetailView.swift in Sources */,
				79FC51DD2925E0A0006BA77B /* UserModel.swift in Sources */,
				7972A74D2928155C0094D4CF /* PostModel.swift in Sources */,
				792A469C2927694400A240E8 /* SearchFood.swift in Sources */,
				79FC51C9292596B6006BA77B /* WelcomeScreen.swift in Sources */,
				7972A74F292848CB0094D4CF /* PostViewModel.swift in Sources */,
				7920756C29274C2300517246 /* UserFactory.swift in Sources */,
				79663D9C2925946D00F9EA15 /* ContentView.swift in Sources */,
				79663D9A2925946D00F9EA15 /* CalApp.swift in Sources */,
				79FC51CF292596D2006BA77B /* LoginScreen.swift in Sources */,
				79FC51D229259708006BA77B /* LoginScreenStateModel.swift in Sources */,
			);
			runOnlyForDeploymentPostprocessing = 0;
		};
		79663DA22925946E00F9EA15 /* Sources */ = {
			isa = PBXSourcesBuildPhase;
			buildActionMask = 2147483647;
			files = (
				79663DAB2925946E00F9EA15 /* CalTests.swift in Sources */,
			);
			runOnlyForDeploymentPostprocessing = 0;
		};
		79663DAC2925946E00F9EA15 /* Sources */ = {
			isa = PBXSourcesBuildPhase;
			buildActionMask = 2147483647;
			files = (
				79663DB52925946E00F9EA15 /* CalUITests.swift in Sources */,
				79663DB72925946E00F9EA15 /* CalUITestsLaunchTests.swift in Sources */,
			);
			runOnlyForDeploymentPostprocessing = 0;
		};
/* End PBXSourcesBuildPhase section */

/* Begin PBXTargetDependency section */
		79663DA82925946E00F9EA15 /* PBXTargetDependency */ = {
			isa = PBXTargetDependency;
			target = 79663D952925946D00F9EA15 /* Cal */;
			targetProxy = 79663DA72925946E00F9EA15 /* PBXContainerItemProxy */;
		};
		79663DB22925946E00F9EA15 /* PBXTargetDependency */ = {
			isa = PBXTargetDependency;
			target = 79663D952925946D00F9EA15 /* Cal */;
			targetProxy = 79663DB12925946E00F9EA15 /* PBXContainerItemProxy */;
		};
/* End PBXTargetDependency section */

/* Begin XCBuildConfiguration section */
		79663DB82925946E00F9EA15 /* Debug */ = {
			isa = XCBuildConfiguration;
			buildSettings = {
				ALWAYS_SEARCH_USER_PATHS = NO;
				CLANG_ANALYZER_NONNULL = YES;
				CLANG_ANALYZER_NUMBER_OBJECT_CONVERSION = YES_AGGRESSIVE;
				CLANG_CXX_LANGUAGE_STANDARD = "gnu++20";
				CLANG_ENABLE_MODULES = YES;
				CLANG_ENABLE_OBJC_ARC = YES;
				CLANG_ENABLE_OBJC_WEAK = YES;
				CLANG_WARN_BLOCK_CAPTURE_AUTORELEASING = YES;
				CLANG_WARN_BOOL_CONVERSION = YES;
				CLANG_WARN_COMMA = YES;
				CLANG_WARN_CONSTANT_CONVERSION = YES;
				CLANG_WARN_DEPRECATED_OBJC_IMPLEMENTATIONS = YES;
				CLANG_WARN_DIRECT_OBJC_ISA_USAGE = YES_ERROR;
				CLANG_WARN_DOCUMENTATION_COMMENTS = YES;
				CLANG_WARN_EMPTY_BODY = YES;
				CLANG_WARN_ENUM_CONVERSION = YES;
				CLANG_WARN_INFINITE_RECURSION = YES;
				CLANG_WARN_INT_CONVERSION = YES;
				CLANG_WARN_NON_LITERAL_NULL_CONVERSION = YES;
				CLANG_WARN_OBJC_IMPLICIT_RETAIN_SELF = YES;
				CLANG_WARN_OBJC_LITERAL_CONVERSION = YES;
				CLANG_WARN_OBJC_ROOT_CLASS = YES_ERROR;
				CLANG_WARN_QUOTED_INCLUDE_IN_FRAMEWORK_HEADER = YES;
				CLANG_WARN_RANGE_LOOP_ANALYSIS = YES;
				CLANG_WARN_STRICT_PROTOTYPES = YES;
				CLANG_WARN_SUSPICIOUS_MOVE = YES;
				CLANG_WARN_UNGUARDED_AVAILABILITY = YES_AGGRESSIVE;
				CLANG_WARN_UNREACHABLE_CODE = YES;
				CLANG_WARN__DUPLICATE_METHOD_MATCH = YES;
				COPY_PHASE_STRIP = NO;
				DEBUG_INFORMATION_FORMAT = dwarf;
				ENABLE_STRICT_OBJC_MSGSEND = YES;
				ENABLE_TESTABILITY = YES;
				GCC_C_LANGUAGE_STANDARD = gnu11;
				GCC_DYNAMIC_NO_PIC = NO;
				GCC_NO_COMMON_BLOCKS = YES;
				GCC_OPTIMIZATION_LEVEL = 0;
				GCC_PREPROCESSOR_DEFINITIONS = (
					"DEBUG=1",
					"$(inherited)",
				);
				GCC_WARN_64_TO_32_BIT_CONVERSION = YES;
				GCC_WARN_ABOUT_RETURN_TYPE = YES_ERROR;
				GCC_WARN_UNDECLARED_SELECTOR = YES;
				GCC_WARN_UNINITIALIZED_AUTOS = YES_AGGRESSIVE;
				GCC_WARN_UNUSED_FUNCTION = YES;
				GCC_WARN_UNUSED_VARIABLE = YES;
				IPHONEOS_DEPLOYMENT_TARGET = 16.1;
				MTL_ENABLE_DEBUG_INFO = INCLUDE_SOURCE;
				MTL_FAST_MATH = YES;
				ONLY_ACTIVE_ARCH = YES;
				SDKROOT = iphoneos;
				SWIFT_ACTIVE_COMPILATION_CONDITIONS = DEBUG;
				SWIFT_OPTIMIZATION_LEVEL = "-Onone";
			};
			name = Debug;
		};
		79663DB92925946E00F9EA15 /* Release */ = {
			isa = XCBuildConfiguration;
			buildSettings = {
				ALWAYS_SEARCH_USER_PATHS = NO;
				CLANG_ANALYZER_NONNULL = YES;
				CLANG_ANALYZER_NUMBER_OBJECT_CONVERSION = YES_AGGRESSIVE;
				CLANG_CXX_LANGUAGE_STANDARD = "gnu++20";
				CLANG_ENABLE_MODULES = YES;
				CLANG_ENABLE_OBJC_ARC = YES;
				CLANG_ENABLE_OBJC_WEAK = YES;
				CLANG_WARN_BLOCK_CAPTURE_AUTORELEASING = YES;
				CLANG_WARN_BOOL_CONVERSION = YES;
				CLANG_WARN_COMMA = YES;
				CLANG_WARN_CONSTANT_CONVERSION = YES;
				CLANG_WARN_DEPRECATED_OBJC_IMPLEMENTATIONS = YES;
				CLANG_WARN_DIRECT_OBJC_ISA_USAGE = YES_ERROR;
				CLANG_WARN_DOCUMENTATION_COMMENTS = YES;
				CLANG_WARN_EMPTY_BODY = YES;
				CLANG_WARN_ENUM_CONVERSION = YES;
				CLANG_WARN_INFINITE_RECURSION = YES;
				CLANG_WARN_INT_CONVERSION = YES;
				CLANG_WARN_NON_LITERAL_NULL_CONVERSION = YES;
				CLANG_WARN_OBJC_IMPLICIT_RETAIN_SELF = YES;
				CLANG_WARN_OBJC_LITERAL_CONVERSION = YES;
				CLANG_WARN_OBJC_ROOT_CLASS = YES_ERROR;
				CLANG_WARN_QUOTED_INCLUDE_IN_FRAMEWORK_HEADER = YES;
				CLANG_WARN_RANGE_LOOP_ANALYSIS = YES;
				CLANG_WARN_STRICT_PROTOTYPES = YES;
				CLANG_WARN_SUSPICIOUS_MOVE = YES;
				CLANG_WARN_UNGUARDED_AVAILABILITY = YES_AGGRESSIVE;
				CLANG_WARN_UNREACHABLE_CODE = YES;
				CLANG_WARN__DUPLICATE_METHOD_MATCH = YES;
				COPY_PHASE_STRIP = NO;
				DEBUG_INFORMATION_FORMAT = "dwarf-with-dsym";
				ENABLE_NS_ASSERTIONS = NO;
				ENABLE_STRICT_OBJC_MSGSEND = YES;
				GCC_C_LANGUAGE_STANDARD = gnu11;
				GCC_NO_COMMON_BLOCKS = YES;
				GCC_WARN_64_TO_32_BIT_CONVERSION = YES;
				GCC_WARN_ABOUT_RETURN_TYPE = YES_ERROR;
				GCC_WARN_UNDECLARED_SELECTOR = YES;
				GCC_WARN_UNINITIALIZED_AUTOS = YES_AGGRESSIVE;
				GCC_WARN_UNUSED_FUNCTION = YES;
				GCC_WARN_UNUSED_VARIABLE = YES;
				IPHONEOS_DEPLOYMENT_TARGET = 16.1;
				MTL_ENABLE_DEBUG_INFO = NO;
				MTL_FAST_MATH = YES;
				SDKROOT = iphoneos;
				SWIFT_COMPILATION_MODE = wholemodule;
				SWIFT_OPTIMIZATION_LEVEL = "-O";
				VALIDATE_PRODUCT = YES;
			};
			name = Release;
		};
		79663DBB2925946E00F9EA15 /* Debug */ = {
			isa = XCBuildConfiguration;
			buildSettings = {
				ASSETCATALOG_COMPILER_APPICON_NAME = AppIcon;
				ASSETCATALOG_COMPILER_GLOBAL_ACCENT_COLOR_NAME = AccentColor;
				CODE_SIGN_STYLE = Automatic;
				CURRENT_PROJECT_VERSION = 1;
				DEVELOPMENT_ASSET_PATHS = "\"Cal/Preview Content\"";
				DEVELOPMENT_TEAM = 5ZA87RMC9H;
				ENABLE_PREVIEWS = YES;
				GENERATE_INFOPLIST_FILE = YES;
				INFOPLIST_KEY_UIApplicationSceneManifest_Generation = YES;
				INFOPLIST_KEY_UIApplicationSupportsIndirectInputEvents = YES;
				INFOPLIST_KEY_UILaunchScreen_Generation = YES;
				INFOPLIST_KEY_UISupportedInterfaceOrientations_iPad = "UIInterfaceOrientationPortrait UIInterfaceOrientationPortraitUpsideDown UIInterfaceOrientationLandscapeLeft UIInterfaceOrientationLandscapeRight";
				INFOPLIST_KEY_UISupportedInterfaceOrientations_iPhone = "UIInterfaceOrientationPortrait UIInterfaceOrientationLandscapeLeft UIInterfaceOrientationLandscapeRight";
				LD_RUNPATH_SEARCH_PATHS = (
					"$(inherited)",
					"@executable_path/Frameworks",
				);
				MARKETING_VERSION = 1.0;
				PRODUCT_BUNDLE_IDENTIFIER = com.omardajani.calsjjk;
				PRODUCT_NAME = "$(TARGET_NAME)";
				SWIFT_EMIT_LOC_STRINGS = YES;
				SWIFT_VERSION = 5.0;
				TARGETED_DEVICE_FAMILY = "1,2";
			};
			name = Debug;
		};
		79663DBC2925946E00F9EA15 /* Release */ = {
			isa = XCBuildConfiguration;
			buildSettings = {
				ASSETCATALOG_COMPILER_APPICON_NAME = AppIcon;
				ASSETCATALOG_COMPILER_GLOBAL_ACCENT_COLOR_NAME = AccentColor;
				CODE_SIGN_STYLE = Automatic;
				CURRENT_PROJECT_VERSION = 1;
				DEVELOPMENT_ASSET_PATHS = "\"Cal/Preview Content\"";
				DEVELOPMENT_TEAM = 5ZA87RMC9H;
				ENABLE_PREVIEWS = YES;
				GENERATE_INFOPLIST_FILE = YES;
				INFOPLIST_KEY_UIApplicationSceneManifest_Generation = YES;
				INFOPLIST_KEY_UIApplicationSupportsIndirectInputEvents = YES;
				INFOPLIST_KEY_UILaunchScreen_Generation = YES;
				INFOPLIST_KEY_UISupportedInterfaceOrientations_iPad = "UIInterfaceOrientationPortrait UIInterfaceOrientationPortraitUpsideDown UIInterfaceOrientationLandscapeLeft UIInterfaceOrientationLandscapeRight";
				INFOPLIST_KEY_UISupportedInterfaceOrientations_iPhone = "UIInterfaceOrientationPortrait UIInterfaceOrientationLandscapeLeft UIInterfaceOrientationLandscapeRight";
				LD_RUNPATH_SEARCH_PATHS = (
					"$(inherited)",
					"@executable_path/Frameworks",
				);
				MARKETING_VERSION = 1.0;
				PRODUCT_BUNDLE_IDENTIFIER = com.omardajani.calsjjk;
				PRODUCT_NAME = "$(TARGET_NAME)";
				SWIFT_EMIT_LOC_STRINGS = YES;
				SWIFT_VERSION = 5.0;
				TARGETED_DEVICE_FAMILY = "1,2";
			};
			name = Release;
		};
		79663DBE2925946E00F9EA15 /* Debug */ = {
			isa = XCBuildConfiguration;
			buildSettings = {
				ALWAYS_EMBED_SWIFT_STANDARD_LIBRARIES = YES;
				BUNDLE_LOADER = "$(TEST_HOST)";
				CODE_SIGN_STYLE = Automatic;
				CURRENT_PROJECT_VERSION = 1;
				DEVELOPMENT_TEAM = 5ZA87RMC9H;
				GENERATE_INFOPLIST_FILE = YES;
				IPHONEOS_DEPLOYMENT_TARGET = 16.1;
				MARKETING_VERSION = 1.0;
				PRODUCT_BUNDLE_IDENTIFIER = com.omardajani.cal.CalTests;
				PRODUCT_NAME = "$(TARGET_NAME)";
				SWIFT_EMIT_LOC_STRINGS = NO;
				SWIFT_VERSION = 5.0;
				TARGETED_DEVICE_FAMILY = "1,2";
				TEST_HOST = "$(BUILT_PRODUCTS_DIR)/Cal.app/$(BUNDLE_EXECUTABLE_FOLDER_PATH)/Cal";
			};
			name = Debug;
		};
		79663DBF2925946E00F9EA15 /* Release */ = {
			isa = XCBuildConfiguration;
			buildSettings = {
				ALWAYS_EMBED_SWIFT_STANDARD_LIBRARIES = YES;
				BUNDLE_LOADER = "$(TEST_HOST)";
				CODE_SIGN_STYLE = Automatic;
				CURRENT_PROJECT_VERSION = 1;
				DEVELOPMENT_TEAM = 5ZA87RMC9H;
				GENERATE_INFOPLIST_FILE = YES;
				IPHONEOS_DEPLOYMENT_TARGET = 16.1;
				MARKETING_VERSION = 1.0;
				PRODUCT_BUNDLE_IDENTIFIER = com.omardajani.cal.CalTests;
				PRODUCT_NAME = "$(TARGET_NAME)";
				SWIFT_EMIT_LOC_STRINGS = NO;
				SWIFT_VERSION = 5.0;
				TARGETED_DEVICE_FAMILY = "1,2";
				TEST_HOST = "$(BUILT_PRODUCTS_DIR)/Cal.app/$(BUNDLE_EXECUTABLE_FOLDER_PATH)/Cal";
			};
			name = Release;
		};
		79663DC12925946E00F9EA15 /* Debug */ = {
			isa = XCBuildConfiguration;
			buildSettings = {
				ALWAYS_EMBED_SWIFT_STANDARD_LIBRARIES = YES;
				CODE_SIGN_STYLE = Automatic;
				CURRENT_PROJECT_VERSION = 1;
				DEVELOPMENT_TEAM = 5ZA87RMC9H;
				GENERATE_INFOPLIST_FILE = YES;
				MARKETING_VERSION = 1.0;
				PRODUCT_BUNDLE_IDENTIFIER = com.omardajani.cal.CalUITests;
				PRODUCT_NAME = "$(TARGET_NAME)";
				SWIFT_EMIT_LOC_STRINGS = NO;
				SWIFT_VERSION = 5.0;
				TARGETED_DEVICE_FAMILY = "1,2";
				TEST_TARGET_NAME = Cal;
			};
			name = Debug;
		};
		79663DC22925946E00F9EA15 /* Release */ = {
			isa = XCBuildConfiguration;
			buildSettings = {
				ALWAYS_EMBED_SWIFT_STANDARD_LIBRARIES = YES;
				CODE_SIGN_STYLE = Automatic;
				CURRENT_PROJECT_VERSION = 1;
				DEVELOPMENT_TEAM = 5ZA87RMC9H;
				GENERATE_INFOPLIST_FILE = YES;
				MARKETING_VERSION = 1.0;
				PRODUCT_BUNDLE_IDENTIFIER = com.omardajani.cal.CalUITests;
				PRODUCT_NAME = "$(TARGET_NAME)";
				SWIFT_EMIT_LOC_STRINGS = NO;
				SWIFT_VERSION = 5.0;
				TARGETED_DEVICE_FAMILY = "1,2";
				TEST_TARGET_NAME = Cal;
			};
			name = Release;
		};
/* End XCBuildConfiguration section */

/* Begin XCConfigurationList section */
		79663D912925946D00F9EA15 /* Build configuration list for PBXProject "Cal" */ = {
			isa = XCConfigurationList;
			buildConfigurations = (
				79663DB82925946E00F9EA15 /* Debug */,
				79663DB92925946E00F9EA15 /* Release */,
			);
			defaultConfigurationIsVisible = 0;
			defaultConfigurationName = Release;
		};
		79663DBA2925946E00F9EA15 /* Build configuration list for PBXNativeTarget "Cal" */ = {
			isa = XCConfigurationList;
			buildConfigurations = (
				79663DBB2925946E00F9EA15 /* Debug */,
				79663DBC2925946E00F9EA15 /* Release */,
			);
			defaultConfigurationIsVisible = 0;
			defaultConfigurationName = Release;
		};
		79663DBD2925946E00F9EA15 /* Build configuration list for PBXNativeTarget "CalTests" */ = {
			isa = XCConfigurationList;
			buildConfigurations = (
				79663DBE2925946E00F9EA15 /* Debug */,
				79663DBF2925946E00F9EA15 /* Release */,
			);
			defaultConfigurationIsVisible = 0;
			defaultConfigurationName = Release;
		};
		79663DC02925946E00F9EA15 /* Build configuration list for PBXNativeTarget "CalUITests" */ = {
			isa = XCConfigurationList;
			buildConfigurations = (
				79663DC12925946E00F9EA15 /* Debug */,
				79663DC22925946E00F9EA15 /* Release */,
			);
			defaultConfigurationIsVisible = 0;
			defaultConfigurationName = Release;
		};
/* End XCConfigurationList section */

/* Begin XCRemoteSwiftPackageReference section */
		79FC51D52925DEDC006BA77B /* XCRemoteSwiftPackageReference "firebase-ios-sdk" */ = {
			isa = XCRemoteSwiftPackageReference;
			repositoryURL = "https://github.com/firebase/firebase-ios-sdk";
			requirement = {
				branch = master;
				kind = branch;
			};
		};
/* End XCRemoteSwiftPackageReference section */

/* Begin XCSwiftPackageProductDependency section */
		79FC51D62925DEDC006BA77B /* FirebaseAnalytics */ = {
			isa = XCSwiftPackageProductDependency;
			package = 79FC51D52925DEDC006BA77B /* XCRemoteSwiftPackageReference "firebase-ios-sdk" */;
			productName = FirebaseAnalytics;
		};
		79FC51D82925DEDC006BA77B /* FirebaseAuth */ = {
			isa = XCSwiftPackageProductDependency;
			package = 79FC51D52925DEDC006BA77B /* XCRemoteSwiftPackageReference "firebase-ios-sdk" */;
			productName = FirebaseAuth;
		};
/* End XCSwiftPackageProductDependency section */
	};
	rootObject = 79663D8E2925946D00F9EA15 /* Project object */;
}
